
Microsoft Visual Studio Solution File, Format Version 12.00
# Visual Studio 15
VisualStudioVersion = 15.0.27130.2027
MinimumVisualStudioVersion = 10.0.40219.1
Project("{FAE04EC0-301F-11D3-BF4B-00C04F79EFBC}") = "sensors", "sensors\sensors.csproj", "{CF96308E-E055-49AF-BDCC-CAE333AF34F8}"
EndProject
Project("{FAE04EC0-301F-11D3-BF4B-00C04F79EFBC}") = "DataSetTest", "DataSetTest\DataSetTest.csproj", "{9D824B34-7DA7-491E-89A0-05CF78B0E5D3}"
EndProject
Project("{FAE04EC0-301F-11D3-BF4B-00C04F79EFBC}") = "ExcelModification", "ExcelModification\ExcelModification.csproj", "{B80A075A-53B4-4ADC-BFCC-6AF6DD1BFC53}"
EndProject
Global
	GlobalSection(SolutionConfigurationPlatforms) = preSolution
		Debug|Any CPU = Debug|Any CPU
		Release|Any CPU = Release|Any CPU
	EndGlobalSection
	GlobalSection(ProjectConfigurationPlatforms) = postSolution
		{CF96308E-E055-49AF-BDCC-CAE333AF34F8}.Debug|Any CPU.ActiveCfg = Debug|Any CPU
		{CF96308E-E055-49AF-BDCC-CAE333AF34F8}.Debug|Any CPU.Build.0 = Debug|Any CPU
		{CF96308E-E055-49AF-BDCC-CAE333AF34F8}.Release|Any CPU.ActiveCfg = Release|Any CPU
		{CF96308E-E055-49AF-BDCC-CAE333AF34F8}.Release|Any CPU.Build.0 = Release|Any CPU
		{9D824B34-7DA7-491E-89A0-05CF78B0E5D3}.Debug|Any CPU.ActiveCfg = Debug|Any CPU
		{9D824B34-7DA7-491E-89A0-05CF78B0E5D3}.Debug|Any CPU.Build.0 = Debug|Any CPU
		{9D824B34-7DA7-491E-89A0-05CF78B0E5D3}.Release|Any CPU.ActiveCfg = Release|Any CPU
		{9D824B34-7DA7-491E-89A0-05CF78B0E5D3}.Release|Any CPU.Build.0 = Release|Any CPU
		{B80A075A-53B4-4ADC-BFCC-6AF6DD1BFC53}.Debug|Any CPU.ActiveCfg = Debug|Any CPU
		{B80A075A-53B4-4ADC-BFCC-6AF6DD1BFC53}.Debug|Any CPU.Build.0 = Debug|Any CPU
		{B80A075A-53B4-4ADC-BFCC-6AF6DD1BFC53}.Release|Any CPU.ActiveCfg = Release|Any CPU
		{B80A075A-53B4-4ADC-BFCC-6AF6DD1BFC53}.Release|Any CPU.Build.0 = Release|Any CPU
	EndGlobalSection
	GlobalSection(SolutionProperties) = preSolution
		HideSolutionNode = FALSE
	EndGlobalSection
	GlobalSection(ExtensibilityGlobals) = postSolution
		SolutionGuid = {E8F32B1D-0980-404B-A212-A9244AA78A1C}
	EndGlobalSection
EndGlobal
